// !$*UTF8*$!
{
	archiveVersion = 1;
	classes = {
	};
	objectVersion = 50;
	objects = {

/* Begin PBXBuildFile section */
		631ABDB720F627AC00C30503 /* CoreDataService.swift in Sources */ = {isa = PBXBuildFile; fileRef = 631ABDB620F627AC00C30503 /* CoreDataService.swift */; };
		632520DF20EC879500E621DE /* ViewInterface.swift in Sources */ = {isa = PBXBuildFile; fileRef = 632520DE20EC879500E621DE /* ViewInterface.swift */; };
		632520E120EC984300E621DE /* PreviewTblCellView.swift in Sources */ = {isa = PBXBuildFile; fileRef = 632520E020EC984300E621DE /* PreviewTblCellView.swift */; };
		632520E320ECC46200E621DE /* FeedTableViewManager.swift in Sources */ = {isa = PBXBuildFile; fileRef = 632520E220ECC46200E621DE /* FeedTableViewManager.swift */; };
		632520E620ECC47900E621DE /* FixedTableViewManager.swift in Sources */ = {isa = PBXBuildFile; fileRef = 632520E520ECC47900E621DE /* FixedTableViewManager.swift */; };
		63362D7020EE0933003DB5FD /* RSSView.swift in Sources */ = {isa = PBXBuildFile; fileRef = 63362D6F20EE0933003DB5FD /* RSSView.swift */; };
		6363D26320F4CD81008D6FFD /* FeedProviderAdd.storyboard in Resources */ = {isa = PBXBuildFile; fileRef = 6363D26220F4CD81008D6FFD /* FeedProviderAdd.storyboard */; };
		6363D26820F4CDDE008D6FFD /* FeedProviderAddViewController.swift in Sources */ = {isa = PBXBuildFile; fileRef = 6363D26620F4CDDE008D6FFD /* FeedProviderAddViewController.swift */; };
		6363D26B20F4CE7A008D6FFD /* ViewControllerInterface.swift in Sources */ = {isa = PBXBuildFile; fileRef = 6363D26A20F4CE7A008D6FFD /* ViewControllerInterface.swift */; };
		636A11D120EA20BA008164A1 /* NSColorExtension.swift in Sources */ = {isa = PBXBuildFile; fileRef = 636A11D020EA20BA008164A1 /* NSColorExtension.swift */; };
		636A11D320EB39D3008164A1 /* PreviewViewController.swift in Sources */ = {isa = PBXBuildFile; fileRef = 636A11D220EB39D3008164A1 /* PreviewViewController.swift */; };
		636A11D520EB39DB008164A1 /* Preview.storyboard in Resources */ = {isa = PBXBuildFile; fileRef = 636A11D420EB39DB008164A1 /* Preview.storyboard */; };
		6377135420EE461F00B08D3F /* Detail.storyboard in Resources */ = {isa = PBXBuildFile; fileRef = 6377135320EE461F00B08D3F /* Detail.storyboard */; };
		6377135620EE463000B08D3F /* DetailViewController.swift in Sources */ = {isa = PBXBuildFile; fileRef = 6377135520EE463000B08D3F /* DetailViewController.swift */; };
		638B332820F4758A00E01B85 /* RSSNotification.swift in Sources */ = {isa = PBXBuildFile; fileRef = 638B332720F4758A00E01B85 /* RSSNotification.swift */; };
		639756F120E9CBBD00208382 /* AppDelegate.swift in Sources */ = {isa = PBXBuildFile; fileRef = 639756F020E9CBBD00208382 /* AppDelegate.swift */; };
		639756F320E9CBBD00208382 /* MainSplitViewController.swift in Sources */ = {isa = PBXBuildFile; fileRef = 639756F220E9CBBD00208382 /* MainSplitViewController.swift */; };
		639756F620E9CBBD00208382 /* RSSNewsReader.xcdatamodeld in Sources */ = {isa = PBXBuildFile; fileRef = 639756F420E9CBBD00208382 /* RSSNewsReader.xcdatamodeld */; };
		639756F820E9CBBE00208382 /* Assets.xcassets in Resources */ = {isa = PBXBuildFile; fileRef = 639756F720E9CBBE00208382 /* Assets.xcassets */; };
		639756FB20E9CBBF00208382 /* Main.storyboard in Resources */ = {isa = PBXBuildFile; fileRef = 639756F920E9CBBF00208382 /* Main.storyboard */; };
		6397570720E9CBBF00208382 /* RSSNewsReaderTests.swift in Sources */ = {isa = PBXBuildFile; fileRef = 6397570620E9CBBF00208382 /* RSSNewsReaderTests.swift */; };
		6397571520E9F54700208382 /* FeedProvider.storyboard in Resources */ = {isa = PBXBuildFile; fileRef = 6397571420E9F54700208382 /* FeedProvider.storyboard */; };
		6397571720EA00F100208382 /* FeedProviderViewController.swift in Sources */ = {isa = PBXBuildFile; fileRef = 6397571620EA00F100208382 /* FeedProviderViewController.swift */; };
		6397571C20EA05E700208382 /* FeedProviderCellView.swift in Sources */ = {isa = PBXBuildFile; fileRef = 6397571B20EA05E700208382 /* FeedProviderCellView.swift */; };
		63C17B9820F1DA560062566D /* NetworkService.swift in Sources */ = {isa = PBXBuildFile; fileRef = 63C17B9720F1DA560062566D /* NetworkService.swift */; };
		63C17BA720F23D820062566D /* RSSXmlParser.swift in Sources */ = {isa = PBXBuildFile; fileRef = 63C17BA620F23D820062566D /* RSSXmlParser.swift */; };
		B1427E39DE1D39BF2FED4867 /* Pods_RSSNewsReaderTests.framework in Frameworks */ = {isa = PBXBuildFile; fileRef = 651AC691DA758D32A610B698 /* Pods_RSSNewsReaderTests.framework */; };
		BDF45A8B3C67E5071EC594FC /* Pods_RSSNewsReader.framework in Frameworks */ = {isa = PBXBuildFile; fileRef = 1DE69D4E0B90C6E05E263D48 /* Pods_RSSNewsReader.framework */; };
/* End PBXBuildFile section */

/* Begin PBXContainerItemProxy section */
		6397570320E9CBBF00208382 /* PBXContainerItemProxy */ = {
			isa = PBXContainerItemProxy;
			containerPortal = 639756E520E9CBBD00208382 /* Project object */;
			proxyType = 1;
			remoteGlobalIDString = 639756EC20E9CBBD00208382;
			remoteInfo = RSSNewsReader;
		};
/* End PBXContainerItemProxy section */

/* Begin PBXFileReference section */
		1DE69D4E0B90C6E05E263D48 /* Pods_RSSNewsReader.framework */ = {isa = PBXFileReference; explicitFileType = wrapper.framework; includeInIndex = 0; path = Pods_RSSNewsReader.framework; sourceTree = BUILT_PRODUCTS_DIR; };
		455D3FDA98BA901203F4185B /* Pods-RSSNewsReader.release.xcconfig */ = {isa = PBXFileReference; includeInIndex = 1; lastKnownFileType = text.xcconfig; name = "Pods-RSSNewsReader.release.xcconfig"; path = "Pods/Target Support Files/Pods-RSSNewsReader/Pods-RSSNewsReader.release.xcconfig"; sourceTree = "<group>"; };
		631ABDB620F627AC00C30503 /* CoreDataService.swift */ = {isa = PBXFileReference; lastKnownFileType = sourcecode.swift; path = CoreDataService.swift; sourceTree = "<group>"; };
		632520DE20EC879500E621DE /* ViewInterface.swift */ = {isa = PBXFileReference; lastKnownFileType = sourcecode.swift; path = ViewInterface.swift; sourceTree = "<group>"; };
		632520E020EC984300E621DE /* PreviewTblCellView.swift */ = {isa = PBXFileReference; lastKnownFileType = sourcecode.swift; name = PreviewTblCellView.swift; path = RSSNewsReader/Presentation/Preview/PreviewTblCellView.swift; sourceTree = SOURCE_ROOT; };
		632520E220ECC46200E621DE /* FeedTableViewManager.swift */ = {isa = PBXFileReference; lastKnownFileType = sourcecode.swift; path = FeedTableViewManager.swift; sourceTree = "<group>"; };
		632520E520ECC47900E621DE /* FixedTableViewManager.swift */ = {isa = PBXFileReference; lastKnownFileType = sourcecode.swift; path = FixedTableViewManager.swift; sourceTree = "<group>"; };
		63362D6F20EE0933003DB5FD /* RSSView.swift */ = {isa = PBXFileReference; fileEncoding = 4; lastKnownFileType = sourcecode.swift; path = RSSView.swift; sourceTree = "<group>"; };
		6363D26220F4CD81008D6FFD /* FeedProviderAdd.storyboard */ = {isa = PBXFileReference; lastKnownFileType = file.storyboard; path = FeedProviderAdd.storyboard; sourceTree = "<group>"; };
		6363D26620F4CDDE008D6FFD /* FeedProviderAddViewController.swift */ = {isa = PBXFileReference; lastKnownFileType = sourcecode.swift; path = FeedProviderAddViewController.swift; sourceTree = "<group>"; };
		6363D26A20F4CE7A008D6FFD /* ViewControllerInterface.swift */ = {isa = PBXFileReference; lastKnownFileType = sourcecode.swift; path = ViewControllerInterface.swift; sourceTree = "<group>"; };
		636A11D020EA20BA008164A1 /* NSColorExtension.swift */ = {isa = PBXFileReference; lastKnownFileType = sourcecode.swift; path = NSColorExtension.swift; sourceTree = "<group>"; };
		636A11D220EB39D3008164A1 /* PreviewViewController.swift */ = {isa = PBXFileReference; lastKnownFileType = sourcecode.swift; path = PreviewViewController.swift; sourceTree = "<group>"; };
		636A11D420EB39DB008164A1 /* Preview.storyboard */ = {isa = PBXFileReference; lastKnownFileType = file.storyboard; path = Preview.storyboard; sourceTree = "<group>"; };
		6377135320EE461F00B08D3F /* Detail.storyboard */ = {isa = PBXFileReference; lastKnownFileType = file.storyboard; path = Detail.storyboard; sourceTree = "<group>"; };
		6377135520EE463000B08D3F /* DetailViewController.swift */ = {isa = PBXFileReference; lastKnownFileType = sourcecode.swift; path = DetailViewController.swift; sourceTree = "<group>"; };
		638B332720F4758A00E01B85 /* RSSNotification.swift */ = {isa = PBXFileReference; lastKnownFileType = sourcecode.swift; path = RSSNotification.swift; sourceTree = "<group>"; };
		639756ED20E9CBBD00208382 /* RSSNewsReader.app */ = {isa = PBXFileReference; explicitFileType = wrapper.application; includeInIndex = 0; path = RSSNewsReader.app; sourceTree = BUILT_PRODUCTS_DIR; };
		639756F020E9CBBD00208382 /* AppDelegate.swift */ = {isa = PBXFileReference; lastKnownFileType = sourcecode.swift; path = AppDelegate.swift; sourceTree = "<group>"; };
		639756F220E9CBBD00208382 /* MainSplitViewController.swift */ = {isa = PBXFileReference; lastKnownFileType = sourcecode.swift; path = MainSplitViewController.swift; sourceTree = "<group>"; };
		639756F520E9CBBD00208382 /* RSSNewsReader.xcdatamodel */ = {isa = PBXFileReference; lastKnownFileType = wrapper.xcdatamodel; path = RSSNewsReader.xcdatamodel; sourceTree = "<group>"; };
		639756F720E9CBBE00208382 /* Assets.xcassets */ = {isa = PBXFileReference; lastKnownFileType = folder.assetcatalog; path = Assets.xcassets; sourceTree = "<group>"; };
		639756FA20E9CBBF00208382 /* Base */ = {isa = PBXFileReference; lastKnownFileType = file.storyboard; name = Base; path = Base.lproj/Main.storyboard; sourceTree = "<group>"; };
		639756FC20E9CBBF00208382 /* Info.plist */ = {isa = PBXFileReference; lastKnownFileType = text.plist.xml; path = Info.plist; sourceTree = "<group>"; };
		639756FD20E9CBBF00208382 /* RSSNewsReader.entitlements */ = {isa = PBXFileReference; lastKnownFileType = text.plist.entitlements; path = RSSNewsReader.entitlements; sourceTree = "<group>"; };
		6397570220E9CBBF00208382 /* RSSNewsReaderTests.xctest */ = {isa = PBXFileReference; explicitFileType = wrapper.cfbundle; includeInIndex = 0; path = RSSNewsReaderTests.xctest; sourceTree = BUILT_PRODUCTS_DIR; };
		6397570620E9CBBF00208382 /* RSSNewsReaderTests.swift */ = {isa = PBXFileReference; lastKnownFileType = sourcecode.swift; path = RSSNewsReaderTests.swift; sourceTree = "<group>"; };
		6397570820E9CBBF00208382 /* Info.plist */ = {isa = PBXFileReference; lastKnownFileType = text.plist.xml; path = Info.plist; sourceTree = "<group>"; };
		6397571420E9F54700208382 /* FeedProvider.storyboard */ = {isa = PBXFileReference; lastKnownFileType = file.storyboard; path = FeedProvider.storyboard; sourceTree = "<group>"; };
		6397571620EA00F100208382 /* FeedProviderViewController.swift */ = {isa = PBXFileReference; lastKnownFileType = sourcecode.swift; path = FeedProviderViewController.swift; sourceTree = "<group>"; };
		6397571B20EA05E700208382 /* FeedProviderCellView.swift */ = {isa = PBXFileReference; lastKnownFileType = sourcecode.swift; path = FeedProviderCellView.swift; sourceTree = "<group>"; };
		63C17B9720F1DA560062566D /* NetworkService.swift */ = {isa = PBXFileReference; lastKnownFileType = sourcecode.swift; path = NetworkService.swift; sourceTree = "<group>"; };
		63C17BA620F23D820062566D /* RSSXmlParser.swift */ = {isa = PBXFileReference; fileEncoding = 4; lastKnownFileType = sourcecode.swift; path = RSSXmlParser.swift; sourceTree = "<group>"; };
		651AC691DA758D32A610B698 /* Pods_RSSNewsReaderTests.framework */ = {isa = PBXFileReference; explicitFileType = wrapper.framework; includeInIndex = 0; path = Pods_RSSNewsReaderTests.framework; sourceTree = BUILT_PRODUCTS_DIR; };
		6F86080275E2994CAE789A9F /* Pods-RSSNewsReaderTests.debug.xcconfig */ = {isa = PBXFileReference; includeInIndex = 1; lastKnownFileType = text.xcconfig; name = "Pods-RSSNewsReaderTests.debug.xcconfig"; path = "Pods/Target Support Files/Pods-RSSNewsReaderTests/Pods-RSSNewsReaderTests.debug.xcconfig"; sourceTree = "<group>"; };
		72DB7C5AEE1ADD191F335869 /* Pods-RSSNewsReader.debug.xcconfig */ = {isa = PBXFileReference; includeInIndex = 1; lastKnownFileType = text.xcconfig; name = "Pods-RSSNewsReader.debug.xcconfig"; path = "Pods/Target Support Files/Pods-RSSNewsReader/Pods-RSSNewsReader.debug.xcconfig"; sourceTree = "<group>"; };
		C690B768D82693C04380471C /* Pods-RSSNewsReaderTests.release.xcconfig */ = {isa = PBXFileReference; includeInIndex = 1; lastKnownFileType = text.xcconfig; name = "Pods-RSSNewsReaderTests.release.xcconfig"; path = "Pods/Target Support Files/Pods-RSSNewsReaderTests/Pods-RSSNewsReaderTests.release.xcconfig"; sourceTree = "<group>"; };
/* End PBXFileReference section */

/* Begin PBXFrameworksBuildPhase section */
		639756EA20E9CBBD00208382 /* Frameworks */ = {
			isa = PBXFrameworksBuildPhase;
			buildActionMask = 2147483647;
			files = (
				BDF45A8B3C67E5071EC594FC /* Pods_RSSNewsReader.framework in Frameworks */,
			);
			runOnlyForDeploymentPostprocessing = 0;
		};
		639756FF20E9CBBF00208382 /* Frameworks */ = {
			isa = PBXFrameworksBuildPhase;
			buildActionMask = 2147483647;
			files = (
				B1427E39DE1D39BF2FED4867 /* Pods_RSSNewsReaderTests.framework in Frameworks */,
			);
			runOnlyForDeploymentPostprocessing = 0;
		};
/* End PBXFrameworksBuildPhase section */

/* Begin PBXGroup section */
		3613669B33FA13B1F6872518 /* Pods */ = {
			isa = PBXGroup;
			children = (
				72DB7C5AEE1ADD191F335869 /* Pods-RSSNewsReader.debug.xcconfig */,
				455D3FDA98BA901203F4185B /* Pods-RSSNewsReader.release.xcconfig */,
				6F86080275E2994CAE789A9F /* Pods-RSSNewsReaderTests.debug.xcconfig */,
				C690B768D82693C04380471C /* Pods-RSSNewsReaderTests.release.xcconfig */,
			);
			name = Pods;
			sourceTree = "<group>";
		};
		632520DD20EC878100E621DE /* Protocol */ = {
			isa = PBXGroup;
			children = (
				632520DE20EC879500E621DE /* ViewInterface.swift */,
				6363D26A20F4CE7A008D6FFD /* ViewControllerInterface.swift */,
			);
			path = Protocol;
			sourceTree = "<group>";
		};
		632520E420ECC46700E621DE /* Manager */ = {
			isa = PBXGroup;
			children = (
				632520E220ECC46200E621DE /* FeedTableViewManager.swift */,
				632520E520ECC47900E621DE /* FixedTableViewManager.swift */,
			);
			path = Manager;
			sourceTree = "<group>";
		};
		63362D6B20EE05D3003DB5FD /* Common */ = {
			isa = PBXGroup;
			children = (
				6363D26120F4CD5B008D6FFD /* ViewController */,
				63C17B9420F102100062566D /* Model */,
				63C17B9120F0FD3E0062566D /* Service */,
				63362D6C20EE05DE003DB5FD /* View */,
				632520DD20EC878100E621DE /* Protocol */,
				638B332720F4758A00E01B85 /* RSSNotification.swift */,
			);
			path = Common;
			sourceTree = "<group>";
		};
		63362D6C20EE05DE003DB5FD /* View */ = {
			isa = PBXGroup;
			children = (
				63362D6F20EE0933003DB5FD /* RSSView.swift */,
			);
			path = View;
			sourceTree = "<group>";
		};
		6363D26120F4CD5B008D6FFD /* ViewController */ = {
			isa = PBXGroup;
			children = (
				6363D26220F4CD81008D6FFD /* FeedProviderAdd.storyboard */,
				6363D26620F4CDDE008D6FFD /* FeedProviderAddViewController.swift */,
			);
			path = ViewController;
			sourceTree = "<group>";
		};
		636A11CE20EA2089008164A1 /* Presentation */ = {
			isa = PBXGroup;
			children = (
				6397571320E9F3DB00208382 /* Detail */,
				6397571220E9F3C400208382 /* Preview */,
				6397571120E9F3A700208382 /* FeedProvider */,
				639756F220E9CBBD00208382 /* MainSplitViewController.swift */,
				639756F920E9CBBF00208382 /* Main.storyboard */,
			);
			path = Presentation;
			sourceTree = "<group>";
		};
		636A11CF20EA20A4008164A1 /* Extension */ = {
			isa = PBXGroup;
			children = (
				636A11D020EA20BA008164A1 /* NSColorExtension.swift */,
			);
			path = Extension;
			sourceTree = "<group>";
		};
		636A11D620EB3A57008164A1 /* Cell */ = {
			isa = PBXGroup;
			children = (
				632520E020EC984300E621DE /* PreviewTblCellView.swift */,
			);
			path = Cell;
			sourceTree = "<group>";
		};
		639756E420E9CBBD00208382 = {
			isa = PBXGroup;
			children = (
				639756EF20E9CBBD00208382 /* RSSNewsReader */,
				6397570520E9CBBF00208382 /* RSSNewsReaderTests */,
				639756EE20E9CBBD00208382 /* Products */,
				3613669B33FA13B1F6872518 /* Pods */,
				ACB03A2CCED6C0DEE0831D42 /* Frameworks */,
			);
			sourceTree = "<group>";
		};
		639756EE20E9CBBD00208382 /* Products */ = {
			isa = PBXGroup;
			children = (
				639756ED20E9CBBD00208382 /* RSSNewsReader.app */,
				6397570220E9CBBF00208382 /* RSSNewsReaderTests.xctest */,
			);
			name = Products;
			sourceTree = "<group>";
		};
		639756EF20E9CBBD00208382 /* RSSNewsReader */ = {
			isa = PBXGroup;
			children = (
				63362D6B20EE05D3003DB5FD /* Common */,
				636A11CF20EA20A4008164A1 /* Extension */,
				636A11CE20EA2089008164A1 /* Presentation */,
				639756F020E9CBBD00208382 /* AppDelegate.swift */,
				639756F720E9CBBE00208382 /* Assets.xcassets */,
				639756FC20E9CBBF00208382 /* Info.plist */,
				639756FD20E9CBBF00208382 /* RSSNewsReader.entitlements */,
				639756F420E9CBBD00208382 /* RSSNewsReader.xcdatamodeld */,
			);
			path = RSSNewsReader;
			sourceTree = "<group>";
		};
		6397570520E9CBBF00208382 /* RSSNewsReaderTests */ = {
			isa = PBXGroup;
			children = (
				6397570620E9CBBF00208382 /* RSSNewsReaderTests.swift */,
				6397570820E9CBBF00208382 /* Info.plist */,
			);
			path = RSSNewsReaderTests;
			sourceTree = "<group>";
		};
		6397571120E9F3A700208382 /* FeedProvider */ = {
			isa = PBXGroup;
			children = (
				632520E420ECC46700E621DE /* Manager */,
				6397571820EA041700208382 /* Cell */,
				6397571420E9F54700208382 /* FeedProvider.storyboard */,
				6397571620EA00F100208382 /* FeedProviderViewController.swift */,
			);
			path = FeedProvider;
			sourceTree = "<group>";
		};
		6397571220E9F3C400208382 /* Preview */ = {
			isa = PBXGroup;
			children = (
				636A11D620EB3A57008164A1 /* Cell */,
				636A11D220EB39D3008164A1 /* PreviewViewController.swift */,
				636A11D420EB39DB008164A1 /* Preview.storyboard */,
			);
			path = Preview;
			sourceTree = "<group>";
		};
		6397571320E9F3DB00208382 /* Detail */ = {
			isa = PBXGroup;
			children = (
				6377135320EE461F00B08D3F /* Detail.storyboard */,
				6377135520EE463000B08D3F /* DetailViewController.swift */,
			);
			path = Detail;
			sourceTree = "<group>";
		};
		6397571820EA041700208382 /* Cell */ = {
			isa = PBXGroup;
			children = (
				6397571B20EA05E700208382 /* FeedProviderCellView.swift */,
			);
			path = Cell;
			sourceTree = "<group>";
		};
		63C17B9120F0FD3E0062566D /* Service */ = {
			isa = PBXGroup;
			children = (
				63C17BA620F23D820062566D /* RSSXmlParser.swift */,
				63C17B9720F1DA560062566D /* NetworkService.swift */,
				631ABDB620F627AC00C30503 /* CoreDataService.swift */,
			);
			path = Service;
			sourceTree = "<group>";
		};
		63C17B9420F102100062566D /* Model */ = {
			isa = PBXGroup;
			children = (
			);
			path = Model;
			sourceTree = "<group>";
		};
		ACB03A2CCED6C0DEE0831D42 /* Frameworks */ = {
			isa = PBXGroup;
			children = (
				1DE69D4E0B90C6E05E263D48 /* Pods_RSSNewsReader.framework */,
				651AC691DA758D32A610B698 /* Pods_RSSNewsReaderTests.framework */,
			);
			name = Frameworks;
			sourceTree = "<group>";
		};
/* End PBXGroup section */

/* Begin PBXNativeTarget section */
		639756EC20E9CBBD00208382 /* RSSNewsReader */ = {
			isa = PBXNativeTarget;
			buildConfigurationList = 6397570B20E9CBBF00208382 /* Build configuration list for PBXNativeTarget "RSSNewsReader" */;
			buildPhases = (
				1AEE5404DE07EACD96196B7E /* [CP] Check Pods Manifest.lock */,
				639756E920E9CBBD00208382 /* Sources */,
				639756EA20E9CBBD00208382 /* Frameworks */,
				639756EB20E9CBBD00208382 /* Resources */,
				71EE2440E8A48192DD996A78 /* [CP] Embed Pods Frameworks */,
			);
			buildRules = (
			);
			dependencies = (
			);
			name = RSSNewsReader;
			productName = RSSNewsReader;
			productReference = 639756ED20E9CBBD00208382 /* RSSNewsReader.app */;
			productType = "com.apple.product-type.application";
		};
		6397570120E9CBBF00208382 /* RSSNewsReaderTests */ = {
			isa = PBXNativeTarget;
			buildConfigurationList = 6397570E20E9CBBF00208382 /* Build configuration list for PBXNativeTarget "RSSNewsReaderTests" */;
			buildPhases = (
				E66C83920506B7B6A8982598 /* [CP] Check Pods Manifest.lock */,
				639756FE20E9CBBF00208382 /* Sources */,
				639756FF20E9CBBF00208382 /* Frameworks */,
				6397570020E9CBBF00208382 /* Resources */,
			);
			buildRules = (
			);
			dependencies = (
				6397570420E9CBBF00208382 /* PBXTargetDependency */,
			);
			name = RSSNewsReaderTests;
			productName = RSSNewsReaderTests;
			productReference = 6397570220E9CBBF00208382 /* RSSNewsReaderTests.xctest */;
			productType = "com.apple.product-type.bundle.unit-test";
		};
/* End PBXNativeTarget section */

/* Begin PBXProject section */
		639756E520E9CBBD00208382 /* Project object */ = {
			isa = PBXProject;
			attributes = {
				LastSwiftUpdateCheck = 0940;
				LastUpgradeCheck = 0940;
				ORGANIZATIONNAME = seungjun;
				TargetAttributes = {
					639756EC20E9CBBD00208382 = {
						CreatedOnToolsVersion = 9.4.1;
					};
					6397570120E9CBBF00208382 = {
						CreatedOnToolsVersion = 9.4.1;
						TestTargetID = 639756EC20E9CBBD00208382;
					};
				};
			};
			buildConfigurationList = 639756E820E9CBBD00208382 /* Build configuration list for PBXProject "RSSNewsReader" */;
			compatibilityVersion = "Xcode 9.3";
			developmentRegion = en;
			hasScannedForEncodings = 0;
			knownRegions = (
				en,
				Base,
			);
			mainGroup = 639756E420E9CBBD00208382;
			productRefGroup = 639756EE20E9CBBD00208382 /* Products */;
			projectDirPath = "";
			projectRoot = "";
			targets = (
				639756EC20E9CBBD00208382 /* RSSNewsReader */,
				6397570120E9CBBF00208382 /* RSSNewsReaderTests */,
			);
		};
/* End PBXProject section */

/* Begin PBXResourcesBuildPhase section */
		639756EB20E9CBBD00208382 /* Resources */ = {
			isa = PBXResourcesBuildPhase;
			buildActionMask = 2147483647;
			files = (
				639756F820E9CBBE00208382 /* Assets.xcassets in Resources */,
				6363D26320F4CD81008D6FFD /* FeedProviderAdd.storyboard in Resources */,
				6397571520E9F54700208382 /* FeedProvider.storyboard in Resources */,
				639756FB20E9CBBF00208382 /* Main.storyboard in Resources */,
				6377135420EE461F00B08D3F /* Detail.storyboard in Resources */,
				636A11D520EB39DB008164A1 /* Preview.storyboard in Resources */,
			);
			runOnlyForDeploymentPostprocessing = 0;
		};
		6397570020E9CBBF00208382 /* Resources */ = {
			isa = PBXResourcesBuildPhase;
			buildActionMask = 2147483647;
			files = (
			);
			runOnlyForDeploymentPostprocessing = 0;
		};
/* End PBXResourcesBuildPhase section */

/* Begin PBXShellScriptBuildPhase section */
		1AEE5404DE07EACD96196B7E /* [CP] Check Pods Manifest.lock */ = {
			isa = PBXShellScriptBuildPhase;
			buildActionMask = 2147483647;
			files = (
			);
			inputPaths = (
				"${PODS_PODFILE_DIR_PATH}/Podfile.lock",
				"${PODS_ROOT}/Manifest.lock",
			);
			name = "[CP] Check Pods Manifest.lock";
			outputPaths = (
				"$(DERIVED_FILE_DIR)/Pods-RSSNewsReader-checkManifestLockResult.txt",
			);
			runOnlyForDeploymentPostprocessing = 0;
			shellPath = /bin/sh;
			shellScript = "diff \"${PODS_PODFILE_DIR_PATH}/Podfile.lock\" \"${PODS_ROOT}/Manifest.lock\" > /dev/null\nif [ $? != 0 ] ; then\n    # print error to STDERR\n    echo \"error: The sandbox is not in sync with the Podfile.lock. Run 'pod install' or update your CocoaPods installation.\" >&2\n    exit 1\nfi\n# This output is used by Xcode 'outputs' to avoid re-running this script phase.\necho \"SUCCESS\" > \"${SCRIPT_OUTPUT_FILE_0}\"\n";
			showEnvVarsInLog = 0;
		};
		71EE2440E8A48192DD996A78 /* [CP] Embed Pods Frameworks */ = {
			isa = PBXShellScriptBuildPhase;
			buildActionMask = 2147483647;
			files = (
			);
			inputPaths = (
				"${SRCROOT}/Pods/Target Support Files/Pods-RSSNewsReader/Pods-RSSNewsReader-frameworks.sh",
				"${BUILT_PRODUCTS_DIR}/Alamofire/Alamofire.framework",
				"${BUILT_PRODUCTS_DIR}/Moya/Moya.framework",
				"${BUILT_PRODUCTS_DIR}/Result/Result.framework",
				"${BUILT_PRODUCTS_DIR}/SWXMLHash/SWXMLHash.framework",
			);
			name = "[CP] Embed Pods Frameworks";
			outputPaths = (
				"${TARGET_BUILD_DIR}/${FRAMEWORKS_FOLDER_PATH}/Alamofire.framework",
				"${TARGET_BUILD_DIR}/${FRAMEWORKS_FOLDER_PATH}/Moya.framework",
				"${TARGET_BUILD_DIR}/${FRAMEWORKS_FOLDER_PATH}/Result.framework",
				"${TARGET_BUILD_DIR}/${FRAMEWORKS_FOLDER_PATH}/SWXMLHash.framework",
			);
			runOnlyForDeploymentPostprocessing = 0;
			shellPath = /bin/sh;
			shellScript = "\"${SRCROOT}/Pods/Target Support Files/Pods-RSSNewsReader/Pods-RSSNewsReader-frameworks.sh\"\n";
			showEnvVarsInLog = 0;
		};
		E66C83920506B7B6A8982598 /* [CP] Check Pods Manifest.lock */ = {
			isa = PBXShellScriptBuildPhase;
			buildActionMask = 2147483647;
			files = (
			);
			inputPaths = (
				"${PODS_PODFILE_DIR_PATH}/Podfile.lock",
				"${PODS_ROOT}/Manifest.lock",
			);
			name = "[CP] Check Pods Manifest.lock";
			outputPaths = (
				"$(DERIVED_FILE_DIR)/Pods-RSSNewsReaderTests-checkManifestLockResult.txt",
			);
			runOnlyForDeploymentPostprocessing = 0;
			shellPath = /bin/sh;
			shellScript = "diff \"${PODS_PODFILE_DIR_PATH}/Podfile.lock\" \"${PODS_ROOT}/Manifest.lock\" > /dev/null\nif [ $? != 0 ] ; then\n    # print error to STDERR\n    echo \"error: The sandbox is not in sync with the Podfile.lock. Run 'pod install' or update your CocoaPods installation.\" >&2\n    exit 1\nfi\n# This output is used by Xcode 'outputs' to avoid re-running this script phase.\necho \"SUCCESS\" > \"${SCRIPT_OUTPUT_FILE_0}\"\n";
			showEnvVarsInLog = 0;
		};
/* End PBXShellScriptBuildPhase section */

/* Begin PBXSourcesBuildPhase section */
		639756E920E9CBBD00208382 /* Sources */ = {
			isa = PBXSourcesBuildPhase;
			buildActionMask = 2147483647;
			files = (
				6377135620EE463000B08D3F /* DetailViewController.swift in Sources */,
				639756F620E9CBBD00208382 /* RSSNewsReader.xcdatamodeld in Sources */,
				632520E320ECC46200E621DE /* FeedTableViewManager.swift in Sources */,
				6397571C20EA05E700208382 /* FeedProviderCellView.swift in Sources */,
				6363D26820F4CDDE008D6FFD /* FeedProviderAddViewController.swift in Sources */,
				632520E120EC984300E621DE /* PreviewTblCellView.swift in Sources */,
				631ABDB720F627AC00C30503 /* CoreDataService.swift in Sources */,
				636A11D320EB39D3008164A1 /* PreviewViewController.swift in Sources */,
				6363D26B20F4CE7A008D6FFD /* ViewControllerInterface.swift in Sources */,
				632520DF20EC879500E621DE /* ViewInterface.swift in Sources */,
				636A11D120EA20BA008164A1 /* NSColorExtension.swift in Sources */,
				63C17B9820F1DA560062566D /* NetworkService.swift in Sources */,
				638B332820F4758A00E01B85 /* RSSNotification.swift in Sources */,
				639756F320E9CBBD00208382 /* MainSplitViewController.swift in Sources */,
				632520E620ECC47900E621DE /* FixedTableViewManager.swift in Sources */,
				6397571720EA00F100208382 /* FeedProviderViewController.swift in Sources */,
				639756F120E9CBBD00208382 /* AppDelegate.swift in Sources */,
				63362D7020EE0933003DB5FD /* RSSView.swift in Sources */,
				63C17BA720F23D820062566D /* RSSXmlParser.swift in Sources */,
			);
			runOnlyForDeploymentPostprocessing = 0;
		};
		639756FE20E9CBBF00208382 /* Sources */ = {
			isa = PBXSourcesBuildPhase;
			buildActionMask = 2147483647;
			files = (
				6397570720E9CBBF00208382 /* RSSNewsReaderTests.swift in Sources */,
			);
			runOnlyForDeploymentPostprocessing = 0;
		};
/* End PBXSourcesBuildPhase section */

/* Begin PBXTargetDependency section */
		6397570420E9CBBF00208382 /* PBXTargetDependency */ = {
			isa = PBXTargetDependency;
			target = 639756EC20E9CBBD00208382 /* RSSNewsReader */;
			targetProxy = 6397570320E9CBBF00208382 /* PBXContainerItemProxy */;
		};
/* End PBXTargetDependency section */

/* Begin PBXVariantGroup section */
		639756F920E9CBBF00208382 /* Main.storyboard */ = {
			isa = PBXVariantGroup;
			children = (
				639756FA20E9CBBF00208382 /* Base */,
			);
			name = Main.storyboard;
			sourceTree = "<group>";
		};
/* End PBXVariantGroup section */

/* Begin XCBuildConfiguration section */
		6397570920E9CBBF00208382 /* Debug */ = {
			isa = XCBuildConfiguration;
			buildSettings = {
				ALWAYS_SEARCH_USER_PATHS = NO;
				CLANG_ANALYZER_NONNULL = YES;
				CLANG_ANALYZER_NUMBER_OBJECT_CONVERSION = YES_AGGRESSIVE;
				CLANG_CXX_LANGUAGE_STANDARD = "gnu++14";
				CLANG_CXX_LIBRARY = "libc++";
				CLANG_ENABLE_MODULES = YES;
				CLANG_ENABLE_OBJC_ARC = YES;
				CLANG_ENABLE_OBJC_WEAK = YES;
				CLANG_WARN_BLOCK_CAPTURE_AUTORELEASING = YES;
				CLANG_WARN_BOOL_CONVERSION = YES;
				CLANG_WARN_COMMA = YES;
				CLANG_WARN_CONSTANT_CONVERSION = YES;
				CLANG_WARN_DEPRECATED_OBJC_IMPLEMENTATIONS = YES;
				CLANG_WARN_DIRECT_OBJC_ISA_USAGE = YES_ERROR;
				CLANG_WARN_DOCUMENTATION_COMMENTS = YES;
				CLANG_WARN_EMPTY_BODY = YES;
				CLANG_WARN_ENUM_CONVERSION = YES;
				CLANG_WARN_INFINITE_RECURSION = YES;
				CLANG_WARN_INT_CONVERSION = YES;
				CLANG_WARN_NON_LITERAL_NULL_CONVERSION = YES;
				CLANG_WARN_OBJC_IMPLICIT_RETAIN_SELF = YES;
				CLANG_WARN_OBJC_LITERAL_CONVERSION = YES;
				CLANG_WARN_OBJC_ROOT_CLASS = YES_ERROR;
				CLANG_WARN_RANGE_LOOP_ANALYSIS = YES;
				CLANG_WARN_STRICT_PROTOTYPES = YES;
				CLANG_WARN_SUSPICIOUS_MOVE = YES;
				CLANG_WARN_UNGUARDED_AVAILABILITY = YES_AGGRESSIVE;
				CLANG_WARN_UNREACHABLE_CODE = YES;
				CLANG_WARN__DUPLICATE_METHOD_MATCH = YES;
				CODE_SIGN_IDENTITY = "Mac Developer";
				COPY_PHASE_STRIP = NO;
				DEBUG_INFORMATION_FORMAT = dwarf;
				ENABLE_STRICT_OBJC_MSGSEND = YES;
				ENABLE_TESTABILITY = YES;
				GCC_C_LANGUAGE_STANDARD = gnu11;
				GCC_DYNAMIC_NO_PIC = NO;
				GCC_NO_COMMON_BLOCKS = YES;
				GCC_OPTIMIZATION_LEVEL = 0;
				GCC_PREPROCESSOR_DEFINITIONS = (
					"DEBUG=1",
					"$(inherited)",
				);
				GCC_WARN_64_TO_32_BIT_CONVERSION = YES;
				GCC_WARN_ABOUT_RETURN_TYPE = YES_ERROR;
				GCC_WARN_UNDECLARED_SELECTOR = YES;
				GCC_WARN_UNINITIALIZED_AUTOS = YES_AGGRESSIVE;
				GCC_WARN_UNUSED_FUNCTION = YES;
				GCC_WARN_UNUSED_VARIABLE = YES;
				MACOSX_DEPLOYMENT_TARGET = 10.13;
				MTL_ENABLE_DEBUG_INFO = YES;
				ONLY_ACTIVE_ARCH = YES;
				SDKROOT = macosx;
				SWIFT_ACTIVE_COMPILATION_CONDITIONS = DEBUG;
				SWIFT_OPTIMIZATION_LEVEL = "-Onone";
			};
			name = Debug;
		};
		6397570A20E9CBBF00208382 /* Release */ = {
			isa = XCBuildConfiguration;
			buildSettings = {
				ALWAYS_SEARCH_USER_PATHS = NO;
				CLANG_ANALYZER_NONNULL = YES;
				CLANG_ANALYZER_NUMBER_OBJECT_CONVERSION = YES_AGGRESSIVE;
				CLANG_CXX_LANGUAGE_STANDARD = "gnu++14";
				CLANG_CXX_LIBRARY = "libc++";
				CLANG_ENABLE_MODULES = YES;
				CLANG_ENABLE_OBJC_ARC = YES;
				CLANG_ENABLE_OBJC_WEAK = YES;
				CLANG_WARN_BLOCK_CAPTURE_AUTORELEASING = YES;
				CLANG_WARN_BOOL_CONVERSION = YES;
				CLANG_WARN_COMMA = YES;
				CLANG_WARN_CONSTANT_CONVERSION = YES;
				CLANG_WARN_DEPRECATED_OBJC_IMPLEMENTATIONS = YES;
				CLANG_WARN_DIRECT_OBJC_ISA_USAGE = YES_ERROR;
				CLANG_WARN_DOCUMENTATION_COMMENTS = YES;
				CLANG_WARN_EMPTY_BODY = YES;
				CLANG_WARN_ENUM_CONVERSION = YES;
				CLANG_WARN_INFINITE_RECURSION = YES;
				CLANG_WARN_INT_CONVERSION = YES;
				CLANG_WARN_NON_LITERAL_NULL_CONVERSION = YES;
				CLANG_WARN_OBJC_IMPLICIT_RETAIN_SELF = YES;
				CLANG_WARN_OBJC_LITERAL_CONVERSION = YES;
				CLANG_WARN_OBJC_ROOT_CLASS = YES_ERROR;
				CLANG_WARN_RANGE_LOOP_ANALYSIS = YES;
				CLANG_WARN_STRICT_PROTOTYPES = YES;
				CLANG_WARN_SUSPICIOUS_MOVE = YES;
				CLANG_WARN_UNGUARDED_AVAILABILITY = YES_AGGRESSIVE;
				CLANG_WARN_UNREACHABLE_CODE = YES;
				CLANG_WARN__DUPLICATE_METHOD_MATCH = YES;
				CODE_SIGN_IDENTITY = "Mac Developer";
				COPY_PHASE_STRIP = NO;
				DEBUG_INFORMATION_FORMAT = "dwarf-with-dsym";
				ENABLE_NS_ASSERTIONS = NO;
				ENABLE_STRICT_OBJC_MSGSEND = YES;
				GCC_C_LANGUAGE_STANDARD = gnu11;
				GCC_NO_COMMON_BLOCKS = YES;
				GCC_WARN_64_TO_32_BIT_CONVERSION = YES;
				GCC_WARN_ABOUT_RETURN_TYPE = YES_ERROR;
				GCC_WARN_UNDECLARED_SELECTOR = YES;
				GCC_WARN_UNINITIALIZED_AUTOS = YES_AGGRESSIVE;
				GCC_WARN_UNUSED_FUNCTION = YES;
				GCC_WARN_UNUSED_VARIABLE = YES;
				MACOSX_DEPLOYMENT_TARGET = 10.13;
				MTL_ENABLE_DEBUG_INFO = NO;
				SDKROOT = macosx;
				SWIFT_COMPILATION_MODE = wholemodule;
				SWIFT_OPTIMIZATION_LEVEL = "-O";
			};
			name = Release;
		};
		6397570C20E9CBBF00208382 /* Debug */ = {
			isa = XCBuildConfiguration;
			baseConfigurationReference = 72DB7C5AEE1ADD191F335869 /* Pods-RSSNewsReader.debug.xcconfig */;
			buildSettings = {
				ASSETCATALOG_COMPILER_APPICON_NAME = AppIcon;
				CODE_SIGN_ENTITLEMENTS = RSSNewsReader/RSSNewsReader.entitlements;
				CODE_SIGN_STYLE = Automatic;
				COMBINE_HIDPI_IMAGES = YES;
				DEVELOPMENT_TEAM = 587UC3F4HK;
				INFOPLIST_FILE = RSSNewsReader/Info.plist;
				LD_RUNPATH_SEARCH_PATHS = (
					"$(inherited)",
					"@executable_path/../Frameworks",
				);
				PRODUCT_BUNDLE_IDENTIFIER = com.seungjun.RSSNewsReader;
				PRODUCT_NAME = "$(TARGET_NAME)";
				SWIFT_VERSION = 4.0;
			};
			name = Debug;
		};
		6397570D20E9CBBF00208382 /* Release */ = {
			isa = XCBuildConfiguration;
			baseConfigurationReference = 455D3FDA98BA901203F4185B /* Pods-RSSNewsReader.release.xcconfig */;
			buildSettings = {
				ASSETCATALOG_COMPILER_APPICON_NAME = AppIcon;
				CODE_SIGN_ENTITLEMENTS = RSSNewsReader/RSSNewsReader.entitlements;
				CODE_SIGN_STYLE = Automatic;
				COMBINE_HIDPI_IMAGES = YES;
				DEVELOPMENT_TEAM = 587UC3F4HK;
				INFOPLIST_FILE = RSSNewsReader/Info.plist;
				LD_RUNPATH_SEARCH_PATHS = (
					"$(inherited)",
					"@executable_path/../Frameworks",
				);
				PRODUCT_BUNDLE_IDENTIFIER = com.seungjun.RSSNewsReader;
				PRODUCT_NAME = "$(TARGET_NAME)";
				SWIFT_VERSION = 4.0;
			};
			name = Release;
		};
		6397570F20E9CBBF00208382 /* Debug */ = {
			isa = XCBuildConfiguration;
			baseConfigurationReference = 6F86080275E2994CAE789A9F /* Pods-RSSNewsReaderTests.debug.xcconfig */;
			buildSettings = {
				ALWAYS_EMBED_SWIFT_STANDARD_LIBRARIES = YES;
				BUNDLE_LOADER = "$(TEST_HOST)";
				CODE_SIGN_STYLE = Automatic;
				COMBINE_HIDPI_IMAGES = YES;
				DEVELOPMENT_TEAM = 587UC3F4HK;
				INFOPLIST_FILE = RSSNewsReaderTests/Info.plist;
				LD_RUNPATH_SEARCH_PATHS = (
					"$(inherited)",
					"@executable_path/../Frameworks",
					"@loader_path/../Frameworks",
				);
				PRODUCT_BUNDLE_IDENTIFIER = com.seungjun.RSSNewsReaderTests;
				PRODUCT_NAME = "$(TARGET_NAME)";
				SWIFT_VERSION = 4.0;
				TEST_HOST = "$(BUILT_PRODUCTS_DIR)/RSSNewsReader.app/Contents/MacOS/RSSNewsReader";
			};
			name = Debug;
		};
		6397571020E9CBBF00208382 /* Release */ = {
			isa = XCBuildConfiguration;
			baseConfigurationReference = C690B768D82693C04380471C /* Pods-RSSNewsReaderTests.release.xcconfig */;
			buildSettings = {
				ALWAYS_EMBED_SWIFT_STANDARD_LIBRARIES = YES;
				BUNDLE_LOADER = "$(TEST_HOST)";
				CODE_SIGN_STYLE = Automatic;
				COMBINE_HIDPI_IMAGES = YES;
				DEVELOPMENT_TEAM = 587UC3F4HK;
				INFOPLIST_FILE = RSSNewsReaderTests/Info.plist;
				LD_RUNPATH_SEARCH_PATHS = (
					"$(inherited)",
					"@executable_path/../Frameworks",
					"@loader_path/../Frameworks",
				);
				PRODUCT_BUNDLE_IDENTIFIER = com.seungjun.RSSNewsReaderTests;
				PRODUCT_NAME = "$(TARGET_NAME)";
				SWIFT_VERSION = 4.0;
				TEST_HOST = "$(BUILT_PRODUCTS_DIR)/RSSNewsReader.app/Contents/MacOS/RSSNewsReader";
			};
			name = Release;
		};
/* End XCBuildConfiguration section */

/* Begin XCConfigurationList section */
		639756E820E9CBBD00208382 /* Build configuration list for PBXProject "RSSNewsReader" */ = {
			isa = XCConfigurationList;
			buildConfigurations = (
				6397570920E9CBBF00208382 /* Debug */,
				6397570A20E9CBBF00208382 /* Release */,
			);
			defaultConfigurationIsVisible = 0;
			defaultConfigurationName = Release;
		};
		6397570B20E9CBBF00208382 /* Build configuration list for PBXNativeTarget "RSSNewsReader" */ = {
			isa = XCConfigurationList;
			buildConfigurations = (
				6397570C20E9CBBF00208382 /* Debug */,
				6397570D20E9CBBF00208382 /* Release */,
			);
			defaultConfigurationIsVisible = 0;
			defaultConfigurationName = Release;
		};
		6397570E20E9CBBF00208382 /* Build configuration list for PBXNativeTarget "RSSNewsReaderTests" */ = {
			isa = XCConfigurationList;
			buildConfigurations = (
				6397570F20E9CBBF00208382 /* Debug */,
				6397571020E9CBBF00208382 /* Release */,
			);
			defaultConfigurationIsVisible = 0;
			defaultConfigurationName = Release;
		};
/* End XCConfigurationList section */

/* Begin XCVersionGroup section */
		639756F420E9CBBD00208382 /* RSSNewsReader.xcdatamodeld */ = {
			isa = XCVersionGroup;
			children = (
				639756F520E9CBBD00208382 /* RSSNewsReader.xcdatamodel */,
			);
			currentVersion = 639756F520E9CBBD00208382 /* RSSNewsReader.xcdatamodel */;
			path = RSSNewsReader.xcdatamodeld;
			sourceTree = "<group>";
			versionGroupType = wrapper.xcdatamodel;
		};
/* End XCVersionGroup section */
	};
	rootObject = 639756E520E9CBBD00208382 /* Project object */;
}
